// !$*UTF8*$!
{
	archiveVersion = 1;
	classes = {
	};
	objectVersion = 50;
	objects = {

/* Begin PBXBuildFile section */
		591B6F12223A6ACF0021F1DF /* AppDelegate.swift in Sources */ = {isa = PBXBuildFile; fileRef = 591B6F11223A6ACF0021F1DF /* AppDelegate.swift */; };
		591B6F14223A6ACF0021F1DF /* ViewController.swift in Sources */ = {isa = PBXBuildFile; fileRef = 591B6F13223A6ACF0021F1DF /* ViewController.swift */; };
		591B6F17223A6ACF0021F1DF /* Main.storyboard in Resources */ = {isa = PBXBuildFile; fileRef = 591B6F15223A6ACF0021F1DF /* Main.storyboard */; };
		591B6F19223A6AD20021F1DF /* Assets.xcassets in Resources */ = {isa = PBXBuildFile; fileRef = 591B6F18223A6AD20021F1DF /* Assets.xcassets */; };
		591B6F1C223A6AD20021F1DF /* LaunchScreen.storyboard in Resources */ = {isa = PBXBuildFile; fileRef = 591B6F1A223A6AD20021F1DF /* LaunchScreen.storyboard */; };
		591B6F27223A6AD20021F1DF /* NISwiftTests.swift in Sources */ = {isa = PBXBuildFile; fileRef = 591B6F26223A6AD20021F1DF /* NISwiftTests.swift */; };
		591B6F32223A6AD20021F1DF /* NISwiftUITests.swift in Sources */ = {isa = PBXBuildFile; fileRef = 591B6F31223A6AD20021F1DF /* NISwiftUITests.swift */; };
/* End PBXBuildFile section */

/* Begin PBXContainerItemProxy section */
		591B6F23223A6AD20021F1DF /* PBXContainerItemProxy */ = {
			isa = PBXContainerItemProxy;
			containerPortal = 591B6F06223A6ACF0021F1DF /* Project object */;
			proxyType = 1;
			remoteGlobalIDString = 591B6F0D223A6ACF0021F1DF;
			remoteInfo = NISwift;
		};
		591B6F2E223A6AD20021F1DF /* PBXContainerItemProxy */ = {
			isa = PBXContainerItemProxy;
			containerPortal = 591B6F06223A6ACF0021F1DF /* Project object */;
			proxyType = 1;
			remoteGlobalIDString = 591B6F0D223A6ACF0021F1DF;
			remoteInfo = NISwift;
		};
/* End PBXContainerItemProxy section */

/* Begin PBXFileReference section */
		591B6F0E223A6ACF0021F1DF /* NISwift.app */ = {isa = PBXFileReference; explicitFileType = wrapper.application; includeInIndex = 0; path = NISwift.app; sourceTree = BUILT_PRODUCTS_DIR; };
		591B6F11223A6ACF0021F1DF /* AppDelegate.swift */ = {isa = PBXFileReference; lastKnownFileType = sourcecode.swift; path = AppDelegate.swift; sourceTree = "<group>"; };
		591B6F13223A6ACF0021F1DF /* ViewController.swift */ = {isa = PBXFileReference; lastKnownFileType = sourcecode.swift; path = ViewController.swift; sourceTree = "<group>"; };
		591B6F16223A6ACF0021F1DF /* Base */ = {isa = PBXFileReference; lastKnownFileType = file.storyboard; name = Base; path = Base.lproj/Main.storyboard; sourceTree = "<group>"; };
		591B6F18223A6AD20021F1DF /* Assets.xcassets */ = {isa = PBXFileReference; lastKnownFileType = folder.assetcatalog; path = Assets.xcassets; sourceTree = "<group>"; };
		591B6F1B223A6AD20021F1DF /* Base */ = {isa = PBXFileReference; lastKnownFileType = file.storyboard; name = Base; path = Base.lproj/LaunchScreen.storyboard; sourceTree = "<group>"; };
		591B6F1D223A6AD20021F1DF /* Info.plist */ = {isa = PBXFileReference; lastKnownFileType = text.plist.xml; path = Info.plist; sourceTree = "<group>"; };
		591B6F22223A6AD20021F1DF /* NISwiftTests.xctest */ = {isa = PBXFileReference; explicitFileType = wrapper.cfbundle; includeInIndex = 0; path = NISwiftTests.xctest; sourceTree = BUILT_PRODUCTS_DIR; };
		591B6F26223A6AD20021F1DF /* NISwiftTests.swift */ = {isa = PBXFileReference; lastKnownFileType = sourcecode.swift; path = NISwiftTests.swift; sourceTree = "<group>"; };
		591B6F28223A6AD20021F1DF /* Info.plist */ = {isa = PBXFileReference; lastKnownFileType = text.plist.xml; path = Info.plist; sourceTree = "<group>"; };
		591B6F2D223A6AD20021F1DF /* NISwiftUITests.xctest */ = {isa = PBXFileReference; explicitFileType = wrapper.cfbundle; includeInIndex = 0; path = NISwiftUITests.xctest; sourceTree = BUILT_PRODUCTS_DIR; };
		591B6F31223A6AD20021F1DF /* NISwiftUITests.swift */ = {isa = PBXFileReference; lastKnownFileType = sourcecode.swift; path = NISwiftUITests.swift; sourceTree = "<group>"; };
		591B6F33223A6AD20021F1DF /* Info.plist */ = {isa = PBXFileReference; lastKnownFileType = text.plist.xml; path = Info.plist; sourceTree = "<group>"; };
/* End PBXFileReference section */

/* Begin PBXFrameworksBuildPhase section */
		591B6F0B223A6ACF0021F1DF /* Frameworks */ = {
			isa = PBXFrameworksBuildPhase;
			buildActionMask = 2147483647;
			files = (
			);
			runOnlyForDeploymentPostprocessing = 0;
		};
		591B6F1F223A6AD20021F1DF /* Frameworks */ = {
			isa = PBXFrameworksBuildPhase;
			buildActionMask = 2147483647;
			files = (
			);
			runOnlyForDeploymentPostprocessing = 0;
		};
		591B6F2A223A6AD20021F1DF /* Frameworks */ = {
			isa = PBXFrameworksBuildPhase;
			buildActionMask = 2147483647;
			files = (
			);
			runOnlyForDeploymentPostprocessing = 0;
		};
/* End PBXFrameworksBuildPhase section */

/* Begin PBXGroup section */
		591B6F05223A6ACF0021F1DF = {
			isa = PBXGroup;
			children = (
				591B6F10223A6ACF0021F1DF /* NISwift */,
				591B6F25223A6AD20021F1DF /* NISwiftTests */,
				591B6F30223A6AD20021F1DF /* NISwiftUITests */,
				591B6F0F223A6ACF0021F1DF /* Products */,
			);
			sourceTree = "<group>";
		};
		591B6F0F223A6ACF0021F1DF /* Products */ = {
			isa = PBXGroup;
			children = (
				591B6F0E223A6ACF0021F1DF /* NISwift.app */,
				591B6F22223A6AD20021F1DF /* NISwiftTests.xctest */,
				591B6F2D223A6AD20021F1DF /* NISwiftUITests.xctest */,
			);
			name = Products;
			sourceTree = "<group>";
		};
		591B6F10223A6ACF0021F1DF /* NISwift */ = {
			isa = PBXGroup;
			children = (
				591B6F11223A6ACF0021F1DF /* AppDelegate.swift */,
				591B6F13223A6ACF0021F1DF /* ViewController.swift */,
				591B6F15223A6ACF0021F1DF /* Main.storyboard */,
				591B6F18223A6AD20021F1DF /* Assets.xcassets */,
				591B6F1A223A6AD20021F1DF /* LaunchScreen.storyboard */,
				591B6F1D223A6AD20021F1DF /* Info.plist */,
			);
			path = NISwift;
			sourceTree = "<group>";
		};
		591B6F25223A6AD20021F1DF /* NISwiftTests */ = {
			isa = PBXGroup;
			children = (
				591B6F26223A6AD20021F1DF /* NISwiftTests.swift */,
				591B6F28223A6AD20021F1DF /* Info.plist */,
			);
			path = NISwiftTests;
			sourceTree = "<group>";
		};
		591B6F30223A6AD20021F1DF /* NISwiftUITests */ = {
			isa = PBXGroup;
			children = (
				591B6F31223A6AD20021F1DF /* NISwiftUITests.swift */,
				591B6F33223A6AD20021F1DF /* Info.plist */,
			);
			path = NISwiftUITests;
			sourceTree = "<group>";
		};
/* End PBXGroup section */

/* Begin PBXNativeTarget section */
		591B6F0D223A6ACF0021F1DF /* NISwift */ = {
			isa = PBXNativeTarget;
			buildConfigurationList = 591B6F36223A6AD20021F1DF /* Build configuration list for PBXNativeTarget "NISwift" */;
			buildPhases = (
				591B6F0A223A6ACF0021F1DF /* Sources */,
				591B6F0B223A6ACF0021F1DF /* Frameworks */,
				591B6F0C223A6ACF0021F1DF /* Resources */,
			);
			buildRules = (
			);
			dependencies = (
			);
			name = NISwift;
			productName = NISwift;
			productReference = 591B6F0E223A6ACF0021F1DF /* NISwift.app */;
			productType = "com.apple.product-type.application";
		};
		591B6F21223A6AD20021F1DF /* NISwiftTests */ = {
			isa = PBXNativeTarget;
			buildConfigurationList = 591B6F39223A6AD20021F1DF /* Build configuration list for PBXNativeTarget "NISwiftTests" */;
			buildPhases = (
				591B6F1E223A6AD20021F1DF /* Sources */,
				591B6F1F223A6AD20021F1DF /* Frameworks */,
				591B6F20223A6AD20021F1DF /* Resources */,
			);
			buildRules = (
			);
			dependencies = (
				591B6F24223A6AD20021F1DF /* PBXTargetDependency */,
			);
			name = NISwiftTests;
			productName = NISwiftTests;
			productReference = 591B6F22223A6AD20021F1DF /* NISwiftTests.xctest */;
			productType = "com.apple.product-type.bundle.unit-test";
		};
		591B6F2C223A6AD20021F1DF /* NISwiftUITests */ = {
			isa = PBXNativeTarget;
			buildConfigurationList = 591B6F3C223A6AD20021F1DF /* Build configuration list for PBXNativeTarget "NISwiftUITests" */;
			buildPhases = (
				591B6F29223A6AD20021F1DF /* Sources */,
				591B6F2A223A6AD20021F1DF /* Frameworks */,
				591B6F2B223A6AD20021F1DF /* Resources */,
			);
			buildRules = (
			);
			dependencies = (
				591B6F2F223A6AD20021F1DF /* PBXTargetDependency */,
			);
			name = NISwiftUITests;
			productName = NISwiftUITests;
			productReference = 591B6F2D223A6AD20021F1DF /* NISwiftUITests.xctest */;
			productType = "com.apple.product-type.bundle.ui-testing";
		};
/* End PBXNativeTarget section */

/* Begin PBXProject section */
		591B6F06223A6ACF0021F1DF /* Project object */ = {
			isa = PBXProject;
			attributes = {
				LastSwiftUpdateCheck = 1010;
				LastUpgradeCheck = 1010;
				ORGANIZATIONNAME = nixs;
				TargetAttributes = {
					591B6F0D223A6ACF0021F1DF = {
						CreatedOnToolsVersion = 10.1;
					};
					591B6F21223A6AD20021F1DF = {
						CreatedOnToolsVersion = 10.1;
						TestTargetID = 591B6F0D223A6ACF0021F1DF;
					};
					591B6F2C223A6AD20021F1DF = {
						CreatedOnToolsVersion = 10.1;
						TestTargetID = 591B6F0D223A6ACF0021F1DF;
					};
				};
			};
			buildConfigurationList = 591B6F09223A6ACF0021F1DF /* Build configuration list for PBXProject "NISwift" */;
			compatibilityVersion = "Xcode 9.3";
			developmentRegion = en;
			hasScannedForEncodings = 0;
			knownRegions = (
				en,
				Base,
			);
			mainGroup = 591B6F05223A6ACF0021F1DF;
			productRefGroup = 591B6F0F223A6ACF0021F1DF /* Products */;
			projectDirPath = "";
			projectRoot = "";
			targets = (
				591B6F0D223A6ACF0021F1DF /* NISwift */,
				591B6F21223A6AD20021F1DF /* NISwiftTests */,
				591B6F2C223A6AD20021F1DF /* NISwiftUITests */,
			);
		};
/* End PBXProject section */

/* Begin PBXResourcesBuildPhase section */
		591B6F0C223A6ACF0021F1DF /* Resources */ = {
			isa = PBXResourcesBuildPhase;
			buildActionMask = 2147483647;
			files = (
				591B6F1C223A6AD20021F1DF /* LaunchScreen.storyboard in Resources */,
				591B6F19223A6AD20021F1DF /* Assets.xcassets in Resources */,
				591B6F17223A6ACF0021F1DF /* Main.storyboard in Resources */,
			);
			runOnlyForDeploymentPostprocessing = 0;
		};
		591B6F20223A6AD20021F1DF /* Resources */ = {
			isa = PBXResourcesBuildPhase;
			buildActionMask = 2147483647;
			files = (
			);
			runOnlyForDeploymentPostprocessing = 0;
		};
		591B6F2B223A6AD20021F1DF /* Resources */ = {
			isa = PBXResourcesBuildPhase;
			buildActionMask = 2147483647;
			files = (
			);
			runOnlyForDeploymentPostprocessing = 0;
		};
/* End PBXResourcesBuildPhase section */

/* Begin PBXSourcesBuildPhase section */
		591B6F0A223A6ACF0021F1DF /* Sources */ = {
			isa = PBXSourcesBuildPhase;
			buildActionMask = 2147483647;
			files = (
				591B6F14223A6ACF0021F1DF /* ViewController.swift in Sources */,
				591B6F12223A6ACF0021F1DF /* AppDelegate.swift in Sources */,
			);
			runOnlyForDeploymentPostprocessing = 0;
		};
		591B6F1E223A6AD20021F1DF /* Sources */ = {
			isa = PBXSourcesBuildPhase;
			buildActionMask = 2147483647;
			files = (
				591B6F27223A6AD20021F1DF /* NISwiftTests.swift in Sources */,
			);
			runOnlyForDeploymentPostprocessing = 0;
		};
		591B6F29223A6AD20021F1DF /* Sources */ = {
			isa = PBXSourcesBuildPhase;
			buildActionMask = 2147483647;
			files = (
				591B6F32223A6AD20021F1DF /* NISwiftUITests.swift in Sources */,
			);
			runOnlyForDeploymentPostprocessing = 0;
		};
/* End PBXSourcesBuildPhase section */

/* Begin PBXTargetDependency section */
		591B6F24223A6AD20021F1DF /* PBXTargetDependency */ = {
			isa = PBXTargetDependency;
			target = 591B6F0D223A6ACF0021F1DF /* NISwift */;
			targetProxy = 591B6F23223A6AD20021F1DF /* PBXContainerItemProxy */;
		};
		591B6F2F223A6AD20021F1DF /* PBXTargetDependency */ = {
			isa = PBXTargetDependency;
			target = 591B6F0D223A6ACF0021F1DF /* NISwift */;
			targetProxy = 591B6F2E223A6AD20021F1DF /* PBXContainerItemProxy */;
		};
/* End PBXTargetDependency section */

/* Begin PBXVariantGroup section */
		591B6F15223A6ACF0021F1DF /* Main.storyboard */ = {
			isa = PBXVariantGroup;
			children = (
				591B6F16223A6ACF0021F1DF /* Base */,
			);
			name = Main.storyboard;
			sourceTree = "<group>";
		};
		591B6F1A223A6AD20021F1DF /* LaunchScreen.storyboard */ = {
			isa = PBXVariantGroup;
			children = (
				591B6F1B223A6AD20021F1DF /* Base */,
			);
			name = LaunchScreen.storyboard;
			sourceTree = "<group>";
		};
/* End PBXVariantGroup section */

/* Begin XCBuildConfiguration section */
		591B6F34223A6AD20021F1DF /* Debug */ = {
			isa = XCBuildConfiguration;
			buildSettings = {
				ALWAYS_SEARCH_USER_PATHS = NO;
				CLANG_ANALYZER_NONNULL = YES;
				CLANG_ANALYZER_NUMBER_OBJECT_CONVERSION = YES_AGGRESSIVE;
				CLANG_CXX_LANGUAGE_STANDARD = "gnu++14";
				CLANG_CXX_LIBRARY = "libc++";
				CLANG_ENABLE_MODULES = YES;
				CLANG_ENABLE_OBJC_ARC = YES;
				CLANG_ENABLE_OBJC_WEAK = YES;
				CLANG_WARN_BLOCK_CAPTURE_AUTORELEASING = YES;
				CLANG_WARN_BOOL_CONVERSION = YES;
				CLANG_WARN_COMMA = YES;
				CLANG_WARN_CONSTANT_CONVERSION = YES;
				CLANG_WARN_DEPRECATED_OBJC_IMPLEMENTATIONS = YES;
				CLANG_WARN_DIRECT_OBJC_ISA_USAGE = YES_ERROR;
				CLANG_WARN_DOCUMENTATION_COMMENTS = YES;
				CLANG_WARN_EMPTY_BODY = YES;
				CLANG_WARN_ENUM_CONVERSION = YES;
				CLANG_WARN_INFINITE_RECURSION = YES;
				CLANG_WARN_INT_CONVERSION = YES;
				CLANG_WARN_NON_LITERAL_NULL_CONVERSION = YES;
				CLANG_WARN_OBJC_IMPLICIT_RETAIN_SELF = YES;
				CLANG_WARN_OBJC_LITERAL_CONVERSION = YES;
				CLANG_WARN_OBJC_ROOT_CLASS = YES_ERROR;
				CLANG_WARN_RANGE_LOOP_ANALYSIS = YES;
				CLANG_WARN_STRICT_PROTOTYPES = YES;
				CLANG_WARN_SUSPICIOUS_MOVE = YES;
				CLANG_WARN_UNGUARDED_AVAILABILITY = YES_AGGRESSIVE;
				CLANG_WARN_UNREACHABLE_CODE = YES;
				CLANG_WARN__DUPLICATE_METHOD_MATCH = YES;
				CODE_SIGN_IDENTITY = "iPhone Developer";
				COPY_PHASE_STRIP = NO;
				DEBUG_INFORMATION_FORMAT = dwarf;
				ENABLE_STRICT_OBJC_MSGSEND = YES;
				ENABLE_TESTABILITY = YES;
				GCC_C_LANGUAGE_STANDARD = gnu11;
				GCC_DYNAMIC_NO_PIC = NO;
				GCC_NO_COMMON_BLOCKS = YES;
				GCC_OPTIMIZATION_LEVEL = 0;
				GCC_PREPROCESSOR_DEFINITIONS = (
					"DEBUG=1",
					"$(inherited)",
				);
				GCC_WARN_64_TO_32_BIT_CONVERSION = YES;
				GCC_WARN_ABOUT_RETURN_TYPE = YES_ERROR;
				GCC_WARN_UNDECLARED_SELECTOR = YES;
				GCC_WARN_UNINITIALIZED_AUTOS = YES_AGGRESSIVE;
				GCC_WARN_UNUSED_FUNCTION = YES;
				GCC_WARN_UNUSED_VARIABLE = YES;
				IPHONEOS_DEPLOYMENT_TARGET = 12.1;
				MTL_ENABLE_DEBUG_INFO = INCLUDE_SOURCE;
				MTL_FAST_MATH = YES;
				ONLY_ACTIVE_ARCH = YES;
				SDKROOT = iphoneos;
				SWIFT_ACTIVE_COMPILATION_CONDITIONS = DEBUG;
				SWIFT_OPTIMIZATION_LEVEL = "-Onone";
			};
			name = Debug;
		};
		591B6F35223A6AD20021F1DF /* Release */ = {
			isa = XCBuildConfiguration;
			buildSettings = {
				ALWAYS_SEARCH_USER_PATHS = NO;
				CLANG_ANALYZER_NONNULL = YES;
				CLANG_ANALYZER_NUMBER_OBJECT_CONVERSION = YES_AGGRESSIVE;
				CLANG_CXX_LANGUAGE_STANDARD = "gnu++14";
				CLANG_CXX_LIBRARY = "libc++";
				CLANG_ENABLE_MODULES = YES;
				CLANG_ENABLE_OBJC_ARC = YES;
				CLANG_ENABLE_OBJC_WEAK = YES;
				CLANG_WARN_BLOCK_CAPTURE_AUTORELEASING = YES;
				CLANG_WARN_BOOL_CONVERSION = YES;
				CLANG_WARN_COMMA = YES;
				CLANG_WARN_CONSTANT_CONVERSION = YES;
				CLANG_WARN_DEPRECATED_OBJC_IMPLEMENTATIONS = YES;
				CLANG_WARN_DIRECT_OBJC_ISA_USAGE = YES_ERROR;
				CLANG_WARN_DOCUMENTATION_COMMENTS = YES;
				CLANG_WARN_EMPTY_BODY = YES;
				CLANG_WARN_ENUM_CONVERSION = YES;
				CLANG_WARN_INFINITE_RECURSION = YES;
				CLANG_WARN_INT_CONVERSION = YES;
				CLANG_WARN_NON_LITERAL_NULL_CONVERSION = YES;
				CLANG_WARN_OBJC_IMPLICIT_RETAIN_SELF = YES;
				CLANG_WARN_OBJC_LITERAL_CONVERSION = YES;
				CLANG_WARN_OBJC_ROOT_CLASS = YES_ERROR;
				CLANG_WARN_RANGE_LOOP_ANALYSIS = YES;
				CLANG_WARN_STRICT_PROTOTYPES = YES;
				CLANG_WARN_SUSPICIOUS_MOVE = YES;
				CLANG_WARN_UNGUARDED_AVAILABILITY = YES_AGGRESSIVE;
				CLANG_WARN_UNREACHABLE_CODE = YES;
				CLANG_WARN__DUPLICATE_METHOD_MATCH = YES;
				CODE_SIGN_IDENTITY = "iPhone Developer";
				COPY_PHASE_STRIP = NO;
				DEBUG_INFORMATION_FORMAT = "dwarf-with-dsym";
				ENABLE_NS_ASSERTIONS = NO;
				ENABLE_STRICT_OBJC_MSGSEND = YES;
				GCC_C_LANGUAGE_STANDARD = gnu11;
				GCC_NO_COMMON_BLOCKS = YES;
				GCC_WARN_64_TO_32_BIT_CONVERSION = YES;
				GCC_WARN_ABOUT_RETURN_TYPE = YES_ERROR;
				GCC_WARN_UNDECLARED_SELECTOR = YES;
				GCC_WARN_UNINITIALIZED_AUTOS = YES_AGGRESSIVE;
				GCC_WARN_UNUSED_FUNCTION = YES;
				GCC_WARN_UNUSED_VARIABLE = YES;
				IPHONEOS_DEPLOYMENT_TARGET = 12.1;
				MTL_ENABLE_DEBUG_INFO = NO;
				MTL_FAST_MATH = YES;
				SDKROOT = iphoneos;
				SWIFT_COMPILATION_MODE = wholemodule;
				SWIFT_OPTIMIZATION_LEVEL = "-O";
				VALIDATE_PRODUCT = YES;
			};
			name = Release;
		};
		591B6F37223A6AD20021F1DF /* Debug */ = {
			isa = XCBuildConfiguration;
			buildSettings = {
				ASSETCATALOG_COMPILER_APPICON_NAME = AppIcon;
				CODE_SIGN_STYLE = Automatic;
				DEVELOPMENT_TEAM = HV6ZVKXQBS;
				INFOPLIST_FILE = NISwift/Info.plist;
				IPHONEOS_DEPLOYMENT_TARGET = 9.0;
				LD_RUNPATH_SEARCH_PATHS = (
					"$(inherited)",
					"@executable_path/Frameworks",
				);
				PRODUCT_BUNDLE_IDENTIFIER = com.nixs.NISwift;
				PRODUCT_NAME = "$(TARGET_NAME)";
				SWIFT_VERSION = 4.2;
				TARGETED_DEVICE_FAMILY = "1,2";
			};
			name = Debug;
		};
		591B6F38223A6AD20021F1DF /* Release */ = {
			isa = XCBuildConfiguration;
			buildSettings = {
				ASSETCATALOG_COMPILER_APPICON_NAME = AppIcon;
				CODE_SIGN_STYLE = Automatic;
				DEVELOPMENT_TEAM = HV6ZVKXQBS;
				INFOPLIST_FILE = NISwift/Info.plist;
				IPHONEOS_DEPLOYMENT_TARGET = 9.0;
				LD_RUNPATH_SEARCH_PATHS = (
					"$(inherited)",
					"@executable_path/Frameworks",
				);
				PRODUCT_BUNDLE_IDENTIFIER = com.nixs.NISwift;
				PRODUCT_NAME = "$(TARGET_NAME)";
				SWIFT_VERSION = 4.2;
				TARGETED_DEVICE_FAMILY = "1,2";
			};
			name = Release;
		};
		591B6F3A223A6AD20021F1DF /* Debug */ = {
			isa = XCBuildConfiguration;
			buildSettings = {
				ALWAYS_EMBED_SWIFT_STANDARD_LIBRARIES = YES;
				BUNDLE_LOADER = "$(TEST_HOST)";
				CODE_SIGN_STYLE = Automatic;
				DEVELOPMENT_TEAM = HV6ZVKXQBS;
				INFOPLIST_FILE = NISwiftTests/Info.plist;
				LD_RUNPATH_SEARCH_PATHS = (
					"$(inherited)",
					"@executable_path/Frameworks",
					"@loader_path/Frameworks",
				);
				PRODUCT_BUNDLE_IDENTIFIER = com.nixs.NISwiftTests;
				PRODUCT_NAME = "$(TARGET_NAME)";
				SWIFT_VERSION = 4.2;
				TARGETED_DEVICE_FAMILY = "1,2";
				TEST_HOST = "$(BUILT_PRODUCTS_DIR)/NISwift.app/NISwift";
			};
			name = Debug;
		};
		591B6F3B223A6AD20021F1DF /* Release */ = {
			isa = XCBuildConfiguration;
			buildSettings = {
				ALWAYS_EMBED_SWIFT_STANDARD_LIBRARIES = YES;
				BUNDLE_LOADER = "$(TEST_HOST)";
				CODE_SIGN_STYLE = Automatic;
				DEVELOPMENT_TEAM = HV6ZVKXQBS;
				INFOPLIST_FILE = NISwiftTests/Info.plist;
				LD_RUNPATH_SEARCH_PATHS = (
					"$(inherited)",
					"@executable_path/Frameworks",
					"@loader_path/Frameworks",
				);
				PRODUCT_BUNDLE_IDENTIFIER = com.nixs.NISwiftTests;
				PRODUCT_NAME = "$(TARGET_NAME)";
				SWIFT_VERSION = 4.2;
				TARGETED_DEVICE_FAMILY = "1,2";
				TEST_HOST = "$(BUILT_PRODUCTS_DIR)/NISwift.app/NISwift";
			};
			name = Release;
		};
		591B6F3D223A6AD20021F1DF /* Debug */ = {
			isa = XCBuildConfiguration;
			buildSettings = {
				ALWAYS_EMBED_SWIFT_STANDARD_LIBRARIES = YES;
				CODE_SIGN_STYLE = Automatic;
				DEVELOPMENT_TEAM = HV6ZVKXQBS;
				INFOPLIST_FILE = NISwiftUITests/Info.plist;
				LD_RUNPATH_SEARCH_PATHS = (
					"$(inherited)",
					"@executable_path/Frameworks",
					"@loader_path/Frameworks",
				);
				PRODUCT_BUNDLE_IDENTIFIER = com.nixs.NISwiftUITests;
				PRODUCT_NAME = "$(TARGET_NAME)";
				SWIFT_VERSION = 4.2;
				TARGETED_DEVICE_FAMILY = "1,2";
				TEST_TARGET_NAME = NISwift;
			};
			name = Debug;
		};
		591B6F3E223A6AD20021F1DF /* Release */ = {
			isa = XCBuildConfiguration;
			buildSettings = {
				ALWAYS_EMBED_SWIFT_STANDARD_LIBRARIES = YES;
				CODE_SIGN_STYLE = Automatic;
				DEVELOPMENT_TEAM = HV6ZVKXQBS;
				INFOPLIST_FILE = NISwiftUITests/Info.plist;
				LD_RUNPATH_SEARCH_PATHS = (
					"$(inherited)",
					"@executable_path/Frameworks",
					"@loader_path/Frameworks",
				);
				PRODUCT_BUNDLE_IDENTIFIER = com.nixs.NISwiftUITests;
				PRODUCT_NAME = "$(TARGET_NAME)";
				SWIFT_VERSION = 4.2;
				TARGETED_DEVICE_FAMILY = "1,2";
				TEST_TARGET_NAME = NISwift;
			};
			name = Release;
		};
/* End XCBuildConfiguration section */

/* Begin XCConfigurationList section */
		591B6F09223A6ACF0021F1DF /* Build configuration list for PBXProject "NISwift" */ = {
			isa = XCConfigurationList;
			buildConfigurations = (
				591B6F34223A6AD20021F1DF /* Debug */,
				591B6F35223A6AD20021F1DF /* Release */,
			);
			defaultConfigurationIsVisible = 0;
			defaultConfigurationName = Release;
		};
		591B6F36223A6AD20021F1DF /* Build configuration list for PBXNativeTarget "NISwift" */ = {
			isa = XCConfigurationList;
			buildConfigurations = (
				591B6F37223A6AD20021F1DF /* Debug */,
				591B6F38223A6AD20021F1DF /* Release */,
			);
			defaultConfigurationIsVisible = 0;
			defaultConfigurationName = Release;
		};
		591B6F39223A6AD20021F1DF /* Build configuration list for PBXNativeTarget "NISwiftTests" */ = {
			isa = XCConfigurationList;
			buildConfigurations = (
				591B6F3A223A6AD20021F1DF /* Debug */,
				591B6F3B223A6AD20021F1DF /* Release */,
			);
			defaultConfigurationIsVisible = 0;
			defaultConfigurationName = Release;
		};
		591B6F3C223A6AD20021F1DF /* Build configuration list for PBXNativeTarget "NISwiftUITests" */ = {
			isa = XCConfigurationList;
			buildConfigurations = (
				591B6F3D223A6AD20021F1DF /* Debug */,
				591B6F3E223A6AD20021F1DF /* Release */,
			);
			defaultConfigurationIsVisible = 0;
			defaultConfigurationName = Release;
		};
/* End XCConfigurationList section */
	};
	rootObject = 591B6F06223A6ACF0021F1DF /* Project object */;
}
