// !$*UTF8*$!
{
	archiveVersion = 1;
	classes = {
	};
	objectVersion = 50;
	objects = {

/* Begin PBXBuildFile section */
		59195EFD223F27B7003B6256 /* ExampleProtocol.swift in Sources */ = {isa = PBXBuildFile; fileRef = 59195EFC223F27B7003B6256 /* ExampleProtocol.swift */; };
		59195EFF223F2826003B6256 /* SimpleClass.swift in Sources */ = {isa = PBXBuildFile; fileRef = 59195EFE223F2826003B6256 /* SimpleClass.swift */; };
		59195F05223F6706003B6256 /* MainTabBarViewController.swift in Sources */ = {isa = PBXBuildFile; fileRef = 59195F04223F6706003B6256 /* MainTabBarViewController.swift */; };
		59195F07223F67BE003B6256 /* SuperViewController.swift in Sources */ = {isa = PBXBuildFile; fileRef = 59195F06223F67BE003B6256 /* SuperViewController.swift */; };
		59195F0C223F6887003B6256 /* ThemeManagerProtocol.swift in Sources */ = {isa = PBXBuildFile; fileRef = 59195F0B223F6887003B6256 /* ThemeManagerProtocol.swift */; };
		59195F0E223F697D003B6256 /* ThemeManager.swift in Sources */ = {isa = PBXBuildFile; fileRef = 59195F0D223F697D003B6256 /* ThemeManager.swift */; };
		59195F11223F6A71003B6256 /* ThemeProtocol.swift in Sources */ = {isa = PBXBuildFile; fileRef = 59195F10223F6A71003B6256 /* ThemeProtocol.swift */; };
		59195F13223F6BDA003B6256 /* WhiteTheme.swift in Sources */ = {isa = PBXBuildFile; fileRef = 59195F12223F6BDA003B6256 /* WhiteTheme.swift */; };
		59195F15223F6C6C003B6256 /* BlackTheme.swift in Sources */ = {isa = PBXBuildFile; fileRef = 59195F14223F6C6C003B6256 /* BlackTheme.swift */; };
		59195F17223F6CC3003B6256 /* GreenTheme.swift in Sources */ = {isa = PBXBuildFile; fileRef = 59195F16223F6CC3003B6256 /* GreenTheme.swift */; };
		59195F1A223F6D29003B6256 /* UIColorExtension.swift in Sources */ = {isa = PBXBuildFile; fileRef = 59195F19223F6D29003B6256 /* UIColorExtension.swift */; };
		59195F1C223F6E3F003B6256 /* RedTheme.swift in Sources */ = {isa = PBXBuildFile; fileRef = 59195F1B223F6E3F003B6256 /* RedTheme.swift */; };
		59195F1E223F6E92003B6256 /* BlueTheme.swift in Sources */ = {isa = PBXBuildFile; fileRef = 59195F1D223F6E92003B6256 /* BlueTheme.swift */; };
		59195F20223F6EF5003B6256 /* YellowTheme.swift in Sources */ = {isa = PBXBuildFile; fileRef = 59195F1F223F6EF5003B6256 /* YellowTheme.swift */; };
		59195F22223F7097003B6256 /* FirstViewController.swift in Sources */ = {isa = PBXBuildFile; fileRef = 59195F21223F7097003B6256 /* FirstViewController.swift */; };
		59195F25223F7127003B6256 /* SubView.swift in Sources */ = {isa = PBXBuildFile; fileRef = 59195F24223F7127003B6256 /* SubView.swift */; };
		59195F27223F729B003B6256 /* SuperLabel.swift in Sources */ = {isa = PBXBuildFile; fileRef = 59195F26223F729B003B6256 /* SuperLabel.swift */; };
		59195F29223F73E2003B6256 /* TitleLabel.swift in Sources */ = {isa = PBXBuildFile; fileRef = 59195F28223F73E2003B6256 /* TitleLabel.swift */; };
		59195F2B223F7478003B6256 /* DetailLabel.swift in Sources */ = {isa = PBXBuildFile; fileRef = 59195F2A223F7478003B6256 /* DetailLabel.swift */; };
		59195F2D223F75A4003B6256 /* CellTitleType.swift in Sources */ = {isa = PBXBuildFile; fileRef = 59195F2C223F75A4003B6256 /* CellTitleType.swift */; };
		591B6F12223A6ACF0021F1DF /* AppDelegate.swift in Sources */ = {isa = PBXBuildFile; fileRef = 591B6F11223A6ACF0021F1DF /* AppDelegate.swift */; };
		591B6F14223A6ACF0021F1DF /* ViewController.swift in Sources */ = {isa = PBXBuildFile; fileRef = 591B6F13223A6ACF0021F1DF /* ViewController.swift */; };
		591B6F17223A6ACF0021F1DF /* Main.storyboard in Resources */ = {isa = PBXBuildFile; fileRef = 591B6F15223A6ACF0021F1DF /* Main.storyboard */; };
		591B6F19223A6AD20021F1DF /* Assets.xcassets in Resources */ = {isa = PBXBuildFile; fileRef = 591B6F18223A6AD20021F1DF /* Assets.xcassets */; };
		591B6F1C223A6AD20021F1DF /* LaunchScreen.storyboard in Resources */ = {isa = PBXBuildFile; fileRef = 591B6F1A223A6AD20021F1DF /* LaunchScreen.storyboard */; };
		591B6F27223A6AD20021F1DF /* NISwiftTests.swift in Sources */ = {isa = PBXBuildFile; fileRef = 591B6F26223A6AD20021F1DF /* NISwiftTests.swift */; };
		591B6F32223A6AD20021F1DF /* NISwiftUITests.swift in Sources */ = {isa = PBXBuildFile; fileRef = 591B6F31223A6AD20021F1DF /* NISwiftUITests.swift */; };
		598DAA7A223B8A62009CDDCC /* Shape.swift in Sources */ = {isa = PBXBuildFile; fileRef = 598DAA79223B8A62009CDDCC /* Shape.swift */; };
		598DAA7C223B8B58009CDDCC /* NamedShape.swift in Sources */ = {isa = PBXBuildFile; fileRef = 598DAA7B223B8B58009CDDCC /* NamedShape.swift */; };
		598DAA7E223B8ED4009CDDCC /* Square.swift in Sources */ = {isa = PBXBuildFile; fileRef = 598DAA7D223B8ED4009CDDCC /* Square.swift */; };
		598DAA81223B917D009CDDCC /* Circle.swift in Sources */ = {isa = PBXBuildFile; fileRef = 598DAA80223B917D009CDDCC /* Circle.swift */; };
		598DAA83223B9319009CDDCC /* EauilateralTriangle.swift in Sources */ = {isa = PBXBuildFile; fileRef = 598DAA82223B9319009CDDCC /* EauilateralTriangle.swift */; };
		598DAA85223B9986009CDDCC /* TriangleAndSquare.swift in Sources */ = {isa = PBXBuildFile; fileRef = 598DAA84223B9986009CDDCC /* TriangleAndSquare.swift */; };
		59A9D8EB223F81BD00F8C46F /* FirstSubViewController.swift in Sources */ = {isa = PBXBuildFile; fileRef = 59A9D8EA223F81BD00F8C46F /* FirstSubViewController.swift */; };
		59A9D8ED223F829A00F8C46F /* SecondViewController.swift in Sources */ = {isa = PBXBuildFile; fileRef = 59A9D8EC223F829A00F8C46F /* SecondViewController.swift */; };
		7FE9D386F1B9DE4C32067A36 /* Pods_NISwift.framework in Frameworks */ = {isa = PBXBuildFile; fileRef = 099EF0E8EE78239A8423C84E /* Pods_NISwift.framework */; };
/* End PBXBuildFile section */

/* Begin PBXContainerItemProxy section */
		591B6F23223A6AD20021F1DF /* PBXContainerItemProxy */ = {
			isa = PBXContainerItemProxy;
			containerPortal = 591B6F06223A6ACF0021F1DF /* Project object */;
			proxyType = 1;
			remoteGlobalIDString = 591B6F0D223A6ACF0021F1DF;
			remoteInfo = NISwift;
		};
		591B6F2E223A6AD20021F1DF /* PBXContainerItemProxy */ = {
			isa = PBXContainerItemProxy;
			containerPortal = 591B6F06223A6ACF0021F1DF /* Project object */;
			proxyType = 1;
			remoteGlobalIDString = 591B6F0D223A6ACF0021F1DF;
			remoteInfo = NISwift;
		};
/* End PBXContainerItemProxy section */

/* Begin PBXFileReference section */
		099EF0E8EE78239A8423C84E /* Pods_NISwift.framework */ = {isa = PBXFileReference; explicitFileType = wrapper.framework; includeInIndex = 0; path = Pods_NISwift.framework; sourceTree = BUILT_PRODUCTS_DIR; };
		59195EFC223F27B7003B6256 /* ExampleProtocol.swift */ = {isa = PBXFileReference; lastKnownFileType = sourcecode.swift; path = ExampleProtocol.swift; sourceTree = "<group>"; };
		59195EFE223F2826003B6256 /* SimpleClass.swift */ = {isa = PBXFileReference; lastKnownFileType = sourcecode.swift; path = SimpleClass.swift; sourceTree = "<group>"; };
		59195F04223F6706003B6256 /* MainTabBarViewController.swift */ = {isa = PBXFileReference; lastKnownFileType = sourcecode.swift; path = MainTabBarViewController.swift; sourceTree = "<group>"; };
		59195F06223F67BE003B6256 /* SuperViewController.swift */ = {isa = PBXFileReference; lastKnownFileType = sourcecode.swift; path = SuperViewController.swift; sourceTree = "<group>"; };
		59195F0B223F6887003B6256 /* ThemeManagerProtocol.swift */ = {isa = PBXFileReference; lastKnownFileType = sourcecode.swift; path = ThemeManagerProtocol.swift; sourceTree = "<group>"; };
		59195F0D223F697D003B6256 /* ThemeManager.swift */ = {isa = PBXFileReference; lastKnownFileType = sourcecode.swift; path = ThemeManager.swift; sourceTree = "<group>"; };
		59195F10223F6A71003B6256 /* ThemeProtocol.swift */ = {isa = PBXFileReference; lastKnownFileType = sourcecode.swift; path = ThemeProtocol.swift; sourceTree = "<group>"; };
		59195F12223F6BDA003B6256 /* WhiteTheme.swift */ = {isa = PBXFileReference; lastKnownFileType = sourcecode.swift; path = WhiteTheme.swift; sourceTree = "<group>"; };
		59195F14223F6C6C003B6256 /* BlackTheme.swift */ = {isa = PBXFileReference; lastKnownFileType = sourcecode.swift; path = BlackTheme.swift; sourceTree = "<group>"; };
		59195F16223F6CC3003B6256 /* GreenTheme.swift */ = {isa = PBXFileReference; lastKnownFileType = sourcecode.swift; path = GreenTheme.swift; sourceTree = "<group>"; };
		59195F19223F6D29003B6256 /* UIColorExtension.swift */ = {isa = PBXFileReference; lastKnownFileType = sourcecode.swift; path = UIColorExtension.swift; sourceTree = "<group>"; };
		59195F1B223F6E3F003B6256 /* RedTheme.swift */ = {isa = PBXFileReference; lastKnownFileType = sourcecode.swift; path = RedTheme.swift; sourceTree = "<group>"; };
		59195F1D223F6E92003B6256 /* BlueTheme.swift */ = {isa = PBXFileReference; lastKnownFileType = sourcecode.swift; path = BlueTheme.swift; sourceTree = "<group>"; };
		59195F1F223F6EF5003B6256 /* YellowTheme.swift */ = {isa = PBXFileReference; lastKnownFileType = sourcecode.swift; path = YellowTheme.swift; sourceTree = "<group>"; };
		59195F21223F7097003B6256 /* FirstViewController.swift */ = {isa = PBXFileReference; lastKnownFileType = sourcecode.swift; path = FirstViewController.swift; sourceTree = "<group>"; };
		59195F24223F7127003B6256 /* SubView.swift */ = {isa = PBXFileReference; lastKnownFileType = sourcecode.swift; path = SubView.swift; sourceTree = "<group>"; };
		59195F26223F729B003B6256 /* SuperLabel.swift */ = {isa = PBXFileReference; lastKnownFileType = sourcecode.swift; path = SuperLabel.swift; sourceTree = "<group>"; };
		59195F28223F73E2003B6256 /* TitleLabel.swift */ = {isa = PBXFileReference; lastKnownFileType = sourcecode.swift; path = TitleLabel.swift; sourceTree = "<group>"; };
		59195F2A223F7478003B6256 /* DetailLabel.swift */ = {isa = PBXFileReference; lastKnownFileType = sourcecode.swift; path = DetailLabel.swift; sourceTree = "<group>"; };
		59195F2C223F75A4003B6256 /* CellTitleType.swift */ = {isa = PBXFileReference; lastKnownFileType = sourcecode.swift; path = CellTitleType.swift; sourceTree = "<group>"; };
		591B6F0E223A6ACF0021F1DF /* NISwift.app */ = {isa = PBXFileReference; explicitFileType = wrapper.application; includeInIndex = 0; path = NISwift.app; sourceTree = BUILT_PRODUCTS_DIR; };
		591B6F11223A6ACF0021F1DF /* AppDelegate.swift */ = {isa = PBXFileReference; lastKnownFileType = sourcecode.swift; path = AppDelegate.swift; sourceTree = "<group>"; };
		591B6F13223A6ACF0021F1DF /* ViewController.swift */ = {isa = PBXFileReference; lastKnownFileType = sourcecode.swift; path = ViewController.swift; sourceTree = "<group>"; };
		591B6F16223A6ACF0021F1DF /* Base */ = {isa = PBXFileReference; lastKnownFileType = file.storyboard; name = Base; path = Base.lproj/Main.storyboard; sourceTree = "<group>"; };
		591B6F18223A6AD20021F1DF /* Assets.xcassets */ = {isa = PBXFileReference; lastKnownFileType = folder.assetcatalog; path = Assets.xcassets; sourceTree = "<group>"; };
		591B6F1B223A6AD20021F1DF /* Base */ = {isa = PBXFileReference; lastKnownFileType = file.storyboard; name = Base; path = Base.lproj/LaunchScreen.storyboard; sourceTree = "<group>"; };
		591B6F1D223A6AD20021F1DF /* Info.plist */ = {isa = PBXFileReference; lastKnownFileType = text.plist.xml; path = Info.plist; sourceTree = "<group>"; };
		591B6F22223A6AD20021F1DF /* NISwiftTests.xctest */ = {isa = PBXFileReference; explicitFileType = wrapper.cfbundle; includeInIndex = 0; path = NISwiftTests.xctest; sourceTree = BUILT_PRODUCTS_DIR; };
		591B6F26223A6AD20021F1DF /* NISwiftTests.swift */ = {isa = PBXFileReference; lastKnownFileType = sourcecode.swift; path = NISwiftTests.swift; sourceTree = "<group>"; };
		591B6F28223A6AD20021F1DF /* Info.plist */ = {isa = PBXFileReference; lastKnownFileType = text.plist.xml; path = Info.plist; sourceTree = "<group>"; };
		591B6F2D223A6AD20021F1DF /* NISwiftUITests.xctest */ = {isa = PBXFileReference; explicitFileType = wrapper.cfbundle; includeInIndex = 0; path = NISwiftUITests.xctest; sourceTree = BUILT_PRODUCTS_DIR; };
		591B6F31223A6AD20021F1DF /* NISwiftUITests.swift */ = {isa = PBXFileReference; lastKnownFileType = sourcecode.swift; path = NISwiftUITests.swift; sourceTree = "<group>"; };
		591B6F33223A6AD20021F1DF /* Info.plist */ = {isa = PBXFileReference; lastKnownFileType = text.plist.xml; path = Info.plist; sourceTree = "<group>"; };
		598DAA79223B8A62009CDDCC /* Shape.swift */ = {isa = PBXFileReference; lastKnownFileType = sourcecode.swift; path = Shape.swift; sourceTree = "<group>"; };
		598DAA7B223B8B58009CDDCC /* NamedShape.swift */ = {isa = PBXFileReference; lastKnownFileType = sourcecode.swift; path = NamedShape.swift; sourceTree = "<group>"; };
		598DAA7D223B8ED4009CDDCC /* Square.swift */ = {isa = PBXFileReference; lastKnownFileType = sourcecode.swift; path = Square.swift; sourceTree = "<group>"; };
		598DAA80223B917D009CDDCC /* Circle.swift */ = {isa = PBXFileReference; lastKnownFileType = sourcecode.swift; path = Circle.swift; sourceTree = "<group>"; };
		598DAA82223B9319009CDDCC /* EauilateralTriangle.swift */ = {isa = PBXFileReference; lastKnownFileType = sourcecode.swift; path = EauilateralTriangle.swift; sourceTree = "<group>"; };
		598DAA84223B9986009CDDCC /* TriangleAndSquare.swift */ = {isa = PBXFileReference; lastKnownFileType = sourcecode.swift; path = TriangleAndSquare.swift; sourceTree = "<group>"; };
		59A9D8EA223F81BD00F8C46F /* FirstSubViewController.swift */ = {isa = PBXFileReference; lastKnownFileType = sourcecode.swift; path = FirstSubViewController.swift; sourceTree = "<group>"; };
		59A9D8EC223F829A00F8C46F /* SecondViewController.swift */ = {isa = PBXFileReference; lastKnownFileType = sourcecode.swift; path = SecondViewController.swift; sourceTree = "<group>"; };
		8228945D3EDA2825A4AE4697 /* Pods-NISwift.release.xcconfig */ = {isa = PBXFileReference; includeInIndex = 1; lastKnownFileType = text.xcconfig; name = "Pods-NISwift.release.xcconfig"; path = "Pods/Target Support Files/Pods-NISwift/Pods-NISwift.release.xcconfig"; sourceTree = "<group>"; };
		8F4A9701439EF9DEE96A2B46 /* Pods-NISwift.debug.xcconfig */ = {isa = PBXFileReference; includeInIndex = 1; lastKnownFileType = text.xcconfig; name = "Pods-NISwift.debug.xcconfig"; path = "Pods/Target Support Files/Pods-NISwift/Pods-NISwift.debug.xcconfig"; sourceTree = "<group>"; };
/* End PBXFileReference section */

/* Begin PBXFrameworksBuildPhase section */
		591B6F0B223A6ACF0021F1DF /* Frameworks */ = {
			isa = PBXFrameworksBuildPhase;
			buildActionMask = 2147483647;
			files = (
				7FE9D386F1B9DE4C32067A36 /* Pods_NISwift.framework in Frameworks */,
			);
			runOnlyForDeploymentPostprocessing = 0;
		};
		591B6F1F223A6AD20021F1DF /* Frameworks */ = {
			isa = PBXFrameworksBuildPhase;
			buildActionMask = 2147483647;
			files = (
			);
			runOnlyForDeploymentPostprocessing = 0;
		};
		591B6F2A223A6AD20021F1DF /* Frameworks */ = {
			isa = PBXFrameworksBuildPhase;
			buildActionMask = 2147483647;
			files = (
			);
			runOnlyForDeploymentPostprocessing = 0;
		};
/* End PBXFrameworksBuildPhase section */

/* Begin PBXGroup section */
		1B77EFE92DE410D76EB3716B /* Pods */ = {
			isa = PBXGroup;
			children = (
				8F4A9701439EF9DEE96A2B46 /* Pods-NISwift.debug.xcconfig */,
				8228945D3EDA2825A4AE4697 /* Pods-NISwift.release.xcconfig */,
			);
			name = Pods;
			sourceTree = "<group>";
		};
		59195EFB223F2799003B6256 /* protocol */ = {
			isa = PBXGroup;
			children = (
				59195EFC223F27B7003B6256 /* ExampleProtocol.swift */,
				59195EFE223F2826003B6256 /* SimpleClass.swift */,
			);
			path = protocol;
			sourceTree = "<group>";
		};
		59195F08223F6821003B6256 /* ThemeManager */ = {
			isa = PBXGroup;
			children = (
				59195F0B223F6887003B6256 /* ThemeManagerProtocol.swift */,
				59195F0D223F697D003B6256 /* ThemeManager.swift */,
			);
			path = ThemeManager;
			sourceTree = "<group>";
		};
		59195F0F223F6A44003B6256 /* Theme */ = {
			isa = PBXGroup;
			children = (
				59195F10223F6A71003B6256 /* ThemeProtocol.swift */,
				59195F12223F6BDA003B6256 /* WhiteTheme.swift */,
				59195F14223F6C6C003B6256 /* BlackTheme.swift */,
				59195F16223F6CC3003B6256 /* GreenTheme.swift */,
				59195F1B223F6E3F003B6256 /* RedTheme.swift */,
				59195F1F223F6EF5003B6256 /* YellowTheme.swift */,
				59195F1D223F6E92003B6256 /* BlueTheme.swift */,
			);
			path = Theme;
			sourceTree = "<group>";
		};
		59195F18223F6CFC003B6256 /* Extension */ = {
			isa = PBXGroup;
			children = (
				59195F19223F6D29003B6256 /* UIColorExtension.swift */,
			);
			path = Extension;
			sourceTree = "<group>";
		};
		59195F23223F710B003B6256 /* View */ = {
			isa = PBXGroup;
			children = (
				59195F26223F729B003B6256 /* SuperLabel.swift */,
				59195F28223F73E2003B6256 /* TitleLabel.swift */,
				59195F2A223F7478003B6256 /* DetailLabel.swift */,
				59195F24223F7127003B6256 /* SubView.swift */,
				59195F2C223F75A4003B6256 /* CellTitleType.swift */,
			);
			path = View;
			sourceTree = "<group>";
		};
		591B6F05223A6ACF0021F1DF = {
			isa = PBXGroup;
			children = (
				591B6F10223A6ACF0021F1DF /* NISwift */,
				591B6F25223A6AD20021F1DF /* NISwiftTests */,
				591B6F30223A6AD20021F1DF /* NISwiftUITests */,
				591B6F0F223A6ACF0021F1DF /* Products */,
				1B77EFE92DE410D76EB3716B /* Pods */,
				668A111C9475BB533BD8CF87 /* Frameworks */,
			);
			sourceTree = "<group>";
		};
		591B6F0F223A6ACF0021F1DF /* Products */ = {
			isa = PBXGroup;
			children = (
				591B6F0E223A6ACF0021F1DF /* NISwift.app */,
				591B6F22223A6AD20021F1DF /* NISwiftTests.xctest */,
				591B6F2D223A6AD20021F1DF /* NISwiftUITests.xctest */,
			);
			name = Products;
			sourceTree = "<group>";
		};
		591B6F10223A6ACF0021F1DF /* NISwift */ = {
			isa = PBXGroup;
			children = (
				591B6F11223A6ACF0021F1DF /* AppDelegate.swift */,
				59195F06223F67BE003B6256 /* SuperViewController.swift */,
				59195F21223F7097003B6256 /* FirstViewController.swift */,
				59A9D8EA223F81BD00F8C46F /* FirstSubViewController.swift */,
				59A9D8EC223F829A00F8C46F /* SecondViewController.swift */,
				59195F04223F6706003B6256 /* MainTabBarViewController.swift */,
				591B6F13223A6ACF0021F1DF /* ViewController.swift */,
				59195F23223F710B003B6256 /* View */,
				59195F18223F6CFC003B6256 /* Extension */,
				59195F0F223F6A44003B6256 /* Theme */,
				59195F08223F6821003B6256 /* ThemeManager */,
				59195EFB223F2799003B6256 /* protocol */,
				598DAA7F223B8F7C009CDDCC /* Model */,
				591B6F15223A6ACF0021F1DF /* Main.storyboard */,
				591B6F18223A6AD20021F1DF /* Assets.xcassets */,
				591B6F1A223A6AD20021F1DF /* LaunchScreen.storyboard */,
				591B6F1D223A6AD20021F1DF /* Info.plist */,
			);
			path = NISwift;
			sourceTree = "<group>";
		};
		591B6F25223A6AD20021F1DF /* NISwiftTests */ = {
			isa = PBXGroup;
			children = (
				591B6F26223A6AD20021F1DF /* NISwiftTests.swift */,
				591B6F28223A6AD20021F1DF /* Info.plist */,
			);
			path = NISwiftTests;
			sourceTree = "<group>";
		};
		591B6F30223A6AD20021F1DF /* NISwiftUITests */ = {
			isa = PBXGroup;
			children = (
				591B6F31223A6AD20021F1DF /* NISwiftUITests.swift */,
				591B6F33223A6AD20021F1DF /* Info.plist */,
			);
			path = NISwiftUITests;
			sourceTree = "<group>";
		};
		598DAA7F223B8F7C009CDDCC /* Model */ = {
			isa = PBXGroup;
			children = (
				598DAA79223B8A62009CDDCC /* Shape.swift */,
				598DAA7B223B8B58009CDDCC /* NamedShape.swift */,
				598DAA7D223B8ED4009CDDCC /* Square.swift */,
				598DAA80223B917D009CDDCC /* Circle.swift */,
				598DAA82223B9319009CDDCC /* EauilateralTriangle.swift */,
				598DAA84223B9986009CDDCC /* TriangleAndSquare.swift */,
			);
			path = Model;
			sourceTree = "<group>";
		};
		668A111C9475BB533BD8CF87 /* Frameworks */ = {
			isa = PBXGroup;
			children = (
				099EF0E8EE78239A8423C84E /* Pods_NISwift.framework */,
			);
			name = Frameworks;
			sourceTree = "<group>";
		};
/* End PBXGroup section */

/* Begin PBXNativeTarget section */
		591B6F0D223A6ACF0021F1DF /* NISwift */ = {
			isa = PBXNativeTarget;
			buildConfigurationList = 591B6F36223A6AD20021F1DF /* Build configuration list for PBXNativeTarget "NISwift" */;
			buildPhases = (
				84FE99D462FD01A0666C2CBA /* [CP] Check Pods Manifest.lock */,
				591B6F0A223A6ACF0021F1DF /* Sources */,
				591B6F0B223A6ACF0021F1DF /* Frameworks */,
				591B6F0C223A6ACF0021F1DF /* Resources */,
				A41ED421A332DD3D6CDA8C2D /* [CP] Embed Pods Frameworks */,
			);
			buildRules = (
			);
			dependencies = (
			);
			name = NISwift;
			productName = NISwift;
			productReference = 591B6F0E223A6ACF0021F1DF /* NISwift.app */;
			productType = "com.apple.product-type.application";
		};
		591B6F21223A6AD20021F1DF /* NISwiftTests */ = {
			isa = PBXNativeTarget;
			buildConfigurationList = 591B6F39223A6AD20021F1DF /* Build configuration list for PBXNativeTarget "NISwiftTests" */;
			buildPhases = (
				591B6F1E223A6AD20021F1DF /* Sources */,
				591B6F1F223A6AD20021F1DF /* Frameworks */,
				591B6F20223A6AD20021F1DF /* Resources */,
			);
			buildRules = (
			);
			dependencies = (
				591B6F24223A6AD20021F1DF /* PBXTargetDependency */,
			);
			name = NISwiftTests;
			productName = NISwiftTests;
			productReference = 591B6F22223A6AD20021F1DF /* NISwiftTests.xctest */;
			productType = "com.apple.product-type.bundle.unit-test";
		};
		591B6F2C223A6AD20021F1DF /* NISwiftUITests */ = {
			isa = PBXNativeTarget;
			buildConfigurationList = 591B6F3C223A6AD20021F1DF /* Build configuration list for PBXNativeTarget "NISwiftUITests" */;
			buildPhases = (
				591B6F29223A6AD20021F1DF /* Sources */,
				591B6F2A223A6AD20021F1DF /* Frameworks */,
				591B6F2B223A6AD20021F1DF /* Resources */,
			);
			buildRules = (
			);
			dependencies = (
				591B6F2F223A6AD20021F1DF /* PBXTargetDependency */,
			);
			name = NISwiftUITests;
			productName = NISwiftUITests;
			productReference = 591B6F2D223A6AD20021F1DF /* NISwiftUITests.xctest */;
			productType = "com.apple.product-type.bundle.ui-testing";
		};
/* End PBXNativeTarget section */

/* Begin PBXProject section */
		591B6F06223A6ACF0021F1DF /* Project object */ = {
			isa = PBXProject;
			attributes = {
				LastSwiftUpdateCheck = 1010;
				LastUpgradeCheck = 1010;
				ORGANIZATIONNAME = nixs;
				TargetAttributes = {
					591B6F0D223A6ACF0021F1DF = {
						CreatedOnToolsVersion = 10.1;
						LastSwiftMigration = 1010;
					};
					591B6F21223A6AD20021F1DF = {
						CreatedOnToolsVersion = 10.1;
						TestTargetID = 591B6F0D223A6ACF0021F1DF;
					};
					591B6F2C223A6AD20021F1DF = {
						CreatedOnToolsVersion = 10.1;
						TestTargetID = 591B6F0D223A6ACF0021F1DF;
					};
				};
			};
			buildConfigurationList = 591B6F09223A6ACF0021F1DF /* Build configuration list for PBXProject "NISwift" */;
			compatibilityVersion = "Xcode 9.3";
			developmentRegion = en;
			hasScannedForEncodings = 0;
			knownRegions = (
				en,
				Base,
			);
			mainGroup = 591B6F05223A6ACF0021F1DF;
			productRefGroup = 591B6F0F223A6ACF0021F1DF /* Products */;
			projectDirPath = "";
			projectRoot = "";
			targets = (
				591B6F0D223A6ACF0021F1DF /* NISwift */,
				591B6F21223A6AD20021F1DF /* NISwiftTests */,
				591B6F2C223A6AD20021F1DF /* NISwiftUITests */,
			);
		};
/* End PBXProject section */

/* Begin PBXResourcesBuildPhase section */
		591B6F0C223A6ACF0021F1DF /* Resources */ = {
			isa = PBXResourcesBuildPhase;
			buildActionMask = 2147483647;
			files = (
				591B6F1C223A6AD20021F1DF /* LaunchScreen.storyboard in Resources */,
				591B6F19223A6AD20021F1DF /* Assets.xcassets in Resources */,
				591B6F17223A6ACF0021F1DF /* Main.storyboard in Resources */,
			);
			runOnlyForDeploymentPostprocessing = 0;
		};
		591B6F20223A6AD20021F1DF /* Resources */ = {
			isa = PBXResourcesBuildPhase;
			buildActionMask = 2147483647;
			files = (
			);
			runOnlyForDeploymentPostprocessing = 0;
		};
		591B6F2B223A6AD20021F1DF /* Resources */ = {
			isa = PBXResourcesBuildPhase;
			buildActionMask = 2147483647;
			files = (
			);
			runOnlyForDeploymentPostprocessing = 0;
		};
/* End PBXResourcesBuildPhase section */

/* Begin PBXShellScriptBuildPhase section */
		84FE99D462FD01A0666C2CBA /* [CP] Check Pods Manifest.lock */ = {
			isa = PBXShellScriptBuildPhase;
			buildActionMask = 2147483647;
			files = (
			);
			inputPaths = (
				"${PODS_PODFILE_DIR_PATH}/Podfile.lock",
				"${PODS_ROOT}/Manifest.lock",
			);
			name = "[CP] Check Pods Manifest.lock";
			outputPaths = (
				"$(DERIVED_FILE_DIR)/Pods-NISwift-checkManifestLockResult.txt",
			);
			runOnlyForDeploymentPostprocessing = 0;
			shellPath = /bin/sh;
			shellScript = "diff \"${PODS_PODFILE_DIR_PATH}/Podfile.lock\" \"${PODS_ROOT}/Manifest.lock\" > /dev/null\nif [ $? != 0 ] ; then\n    # print error to STDERR\n    echo \"error: The sandbox is not in sync with the Podfile.lock. Run 'pod install' or update your CocoaPods installation.\" >&2\n    exit 1\nfi\n# This output is used by Xcode 'outputs' to avoid re-running this script phase.\necho \"SUCCESS\" > \"${SCRIPT_OUTPUT_FILE_0}\"\n";
			showEnvVarsInLog = 0;
		};
		A41ED421A332DD3D6CDA8C2D /* [CP] Embed Pods Frameworks */ = {
			isa = PBXShellScriptBuildPhase;
			buildActionMask = 2147483647;
			files = (
			);
			inputPaths = (
				"${SRCROOT}/Pods/Target Support Files/Pods-NISwift/Pods-NISwift-frameworks.sh",
				"${BUILT_PRODUCTS_DIR}/SnapKit/SnapKit.framework",
			);
			name = "[CP] Embed Pods Frameworks";
			outputPaths = (
				"${TARGET_BUILD_DIR}/${FRAMEWORKS_FOLDER_PATH}/SnapKit.framework",
			);
			runOnlyForDeploymentPostprocessing = 0;
			shellPath = /bin/sh;
			shellScript = "\"${SRCROOT}/Pods/Target Support Files/Pods-NISwift/Pods-NISwift-frameworks.sh\"\n";
			showEnvVarsInLog = 0;
		};
/* End PBXShellScriptBuildPhase section */

/* Begin PBXSourcesBuildPhase section */
		591B6F0A223A6ACF0021F1DF /* Sources */ = {
			isa = PBXSourcesBuildPhase;
			buildActionMask = 2147483647;
			files = (
				59195F11223F6A71003B6256 /* ThemeProtocol.swift in Sources */,
				59195F17223F6CC3003B6256 /* GreenTheme.swift in Sources */,
				598DAA7E223B8ED4009CDDCC /* Square.swift in Sources */,
				59195F29223F73E2003B6256 /* TitleLabel.swift in Sources */,
				591B6F14223A6ACF0021F1DF /* ViewController.swift in Sources */,
				59195F15223F6C6C003B6256 /* BlackTheme.swift in Sources */,
				59195F0C223F6887003B6256 /* ThemeManagerProtocol.swift in Sources */,
				59195F27223F729B003B6256 /* SuperLabel.swift in Sources */,
				598DAA7C223B8B58009CDDCC /* NamedShape.swift in Sources */,
				598DAA7A223B8A62009CDDCC /* Shape.swift in Sources */,
				59195F1A223F6D29003B6256 /* UIColorExtension.swift in Sources */,
				59195EFF223F2826003B6256 /* SimpleClass.swift in Sources */,
				598DAA85223B9986009CDDCC /* TriangleAndSquare.swift in Sources */,
				59195F1C223F6E3F003B6256 /* RedTheme.swift in Sources */,
				59195EFD223F27B7003B6256 /* ExampleProtocol.swift in Sources */,
				591B6F12223A6ACF0021F1DF /* AppDelegate.swift in Sources */,
				59195F05223F6706003B6256 /* MainTabBarViewController.swift in Sources */,
				598DAA83223B9319009CDDCC /* EauilateralTriangle.swift in Sources */,
				59A9D8ED223F829A00F8C46F /* SecondViewController.swift in Sources */,
				59195F07223F67BE003B6256 /* SuperViewController.swift in Sources */,
				598DAA81223B917D009CDDCC /* Circle.swift in Sources */,
				59195F0E223F697D003B6256 /* ThemeManager.swift in Sources */,
				59195F13223F6BDA003B6256 /* WhiteTheme.swift in Sources */,
				59195F1E223F6E92003B6256 /* BlueTheme.swift in Sources */,
				59195F25223F7127003B6256 /* SubView.swift in Sources */,
				59A9D8EB223F81BD00F8C46F /* FirstSubViewController.swift in Sources */,
				59195F20223F6EF5003B6256 /* YellowTheme.swift in Sources */,
				59195F2B223F7478003B6256 /* DetailLabel.swift in Sources */,
				59195F2D223F75A4003B6256 /* CellTitleType.swift in Sources */,
				59195F22223F7097003B6256 /* FirstViewController.swift in Sources */,
			);
			runOnlyForDeploymentPostprocessing = 0;
		};
		591B6F1E223A6AD20021F1DF /* Sources */ = {
			isa = PBXSourcesBuildPhase;
			buildActionMask = 2147483647;
			files = (
				591B6F27223A6AD20021F1DF /* NISwiftTests.swift in Sources */,
			);
			runOnlyForDeploymentPostprocessing = 0;
		};
		591B6F29223A6AD20021F1DF /* Sources */ = {
			isa = PBXSourcesBuildPhase;
			buildActionMask = 2147483647;
			files = (
				591B6F32223A6AD20021F1DF /* NISwiftUITests.swift in Sources */,
			);
			runOnlyForDeploymentPostprocessing = 0;
		};
/* End PBXSourcesBuildPhase section */

/* Begin PBXTargetDependency section */
		591B6F24223A6AD20021F1DF /* PBXTargetDependency */ = {
			isa = PBXTargetDependency;
			target = 591B6F0D223A6ACF0021F1DF /* NISwift */;
			targetProxy = 591B6F23223A6AD20021F1DF /* PBXContainerItemProxy */;
		};
		591B6F2F223A6AD20021F1DF /* PBXTargetDependency */ = {
			isa = PBXTargetDependency;
			target = 591B6F0D223A6ACF0021F1DF /* NISwift */;
			targetProxy = 591B6F2E223A6AD20021F1DF /* PBXContainerItemProxy */;
		};
/* End PBXTargetDependency section */

/* Begin PBXVariantGroup section */
		591B6F15223A6ACF0021F1DF /* Main.storyboard */ = {
			isa = PBXVariantGroup;
			children = (
				591B6F16223A6ACF0021F1DF /* Base */,
			);
			name = Main.storyboard;
			sourceTree = "<group>";
		};
		591B6F1A223A6AD20021F1DF /* LaunchScreen.storyboard */ = {
			isa = PBXVariantGroup;
			children = (
				591B6F1B223A6AD20021F1DF /* Base */,
			);
			name = LaunchScreen.storyboard;
			sourceTree = "<group>";
		};
/* End PBXVariantGroup section */

/* Begin XCBuildConfiguration section */
		591B6F34223A6AD20021F1DF /* Debug */ = {
			isa = XCBuildConfiguration;
			buildSettings = {
				ALWAYS_SEARCH_USER_PATHS = NO;
				CLANG_ANALYZER_NONNULL = YES;
				CLANG_ANALYZER_NUMBER_OBJECT_CONVERSION = YES_AGGRESSIVE;
				CLANG_CXX_LANGUAGE_STANDARD = "gnu++14";
				CLANG_CXX_LIBRARY = "libc++";
				CLANG_ENABLE_MODULES = YES;
				CLANG_ENABLE_OBJC_ARC = YES;
				CLANG_ENABLE_OBJC_WEAK = YES;
				CLANG_WARN_BLOCK_CAPTURE_AUTORELEASING = YES;
				CLANG_WARN_BOOL_CONVERSION = YES;
				CLANG_WARN_COMMA = YES;
				CLANG_WARN_CONSTANT_CONVERSION = YES;
				CLANG_WARN_DEPRECATED_OBJC_IMPLEMENTATIONS = YES;
				CLANG_WARN_DIRECT_OBJC_ISA_USAGE = YES_ERROR;
				CLANG_WARN_DOCUMENTATION_COMMENTS = YES;
				CLANG_WARN_EMPTY_BODY = YES;
				CLANG_WARN_ENUM_CONVERSION = YES;
				CLANG_WARN_INFINITE_RECURSION = YES;
				CLANG_WARN_INT_CONVERSION = YES;
				CLANG_WARN_NON_LITERAL_NULL_CONVERSION = YES;
				CLANG_WARN_OBJC_IMPLICIT_RETAIN_SELF = YES;
				CLANG_WARN_OBJC_LITERAL_CONVERSION = YES;
				CLANG_WARN_OBJC_ROOT_CLASS = YES_ERROR;
				CLANG_WARN_RANGE_LOOP_ANALYSIS = YES;
				CLANG_WARN_STRICT_PROTOTYPES = YES;
				CLANG_WARN_SUSPICIOUS_MOVE = YES;
				CLANG_WARN_UNGUARDED_AVAILABILITY = YES_AGGRESSIVE;
				CLANG_WARN_UNREACHABLE_CODE = YES;
				CLANG_WARN__DUPLICATE_METHOD_MATCH = YES;
				CODE_SIGN_IDENTITY = "iPhone Developer";
				COPY_PHASE_STRIP = NO;
				DEBUG_INFORMATION_FORMAT = dwarf;
				ENABLE_STRICT_OBJC_MSGSEND = YES;
				ENABLE_TESTABILITY = YES;
				GCC_C_LANGUAGE_STANDARD = gnu11;
				GCC_DYNAMIC_NO_PIC = NO;
				GCC_NO_COMMON_BLOCKS = YES;
				GCC_OPTIMIZATION_LEVEL = 0;
				GCC_PREPROCESSOR_DEFINITIONS = (
					"DEBUG=1",
					"$(inherited)",
				);
				GCC_WARN_64_TO_32_BIT_CONVERSION = YES;
				GCC_WARN_ABOUT_RETURN_TYPE = YES_ERROR;
				GCC_WARN_UNDECLARED_SELECTOR = YES;
				GCC_WARN_UNINITIALIZED_AUTOS = YES_AGGRESSIVE;
				GCC_WARN_UNUSED_FUNCTION = YES;
				GCC_WARN_UNUSED_VARIABLE = YES;
				IPHONEOS_DEPLOYMENT_TARGET = 12.1;
				MTL_ENABLE_DEBUG_INFO = INCLUDE_SOURCE;
				MTL_FAST_MATH = YES;
				ONLY_ACTIVE_ARCH = YES;
				SDKROOT = iphoneos;
				SWIFT_ACTIVE_COMPILATION_CONDITIONS = DEBUG;
				SWIFT_OPTIMIZATION_LEVEL = "-Onone";
			};
			name = Debug;
		};
		591B6F35223A6AD20021F1DF /* Release */ = {
			isa = XCBuildConfiguration;
			buildSettings = {
				ALWAYS_SEARCH_USER_PATHS = NO;
				CLANG_ANALYZER_NONNULL = YES;
				CLANG_ANALYZER_NUMBER_OBJECT_CONVERSION = YES_AGGRESSIVE;
				CLANG_CXX_LANGUAGE_STANDARD = "gnu++14";
				CLANG_CXX_LIBRARY = "libc++";
				CLANG_ENABLE_MODULES = YES;
				CLANG_ENABLE_OBJC_ARC = YES;
				CLANG_ENABLE_OBJC_WEAK = YES;
				CLANG_WARN_BLOCK_CAPTURE_AUTORELEASING = YES;
				CLANG_WARN_BOOL_CONVERSION = YES;
				CLANG_WARN_COMMA = YES;
				CLANG_WARN_CONSTANT_CONVERSION = YES;
				CLANG_WARN_DEPRECATED_OBJC_IMPLEMENTATIONS = YES;
				CLANG_WARN_DIRECT_OBJC_ISA_USAGE = YES_ERROR;
				CLANG_WARN_DOCUMENTATION_COMMENTS = YES;
				CLANG_WARN_EMPTY_BODY = YES;
				CLANG_WARN_ENUM_CONVERSION = YES;
				CLANG_WARN_INFINITE_RECURSION = YES;
				CLANG_WARN_INT_CONVERSION = YES;
				CLANG_WARN_NON_LITERAL_NULL_CONVERSION = YES;
				CLANG_WARN_OBJC_IMPLICIT_RETAIN_SELF = YES;
				CLANG_WARN_OBJC_LITERAL_CONVERSION = YES;
				CLANG_WARN_OBJC_ROOT_CLASS = YES_ERROR;
				CLANG_WARN_RANGE_LOOP_ANALYSIS = YES;
				CLANG_WARN_STRICT_PROTOTYPES = YES;
				CLANG_WARN_SUSPICIOUS_MOVE = YES;
				CLANG_WARN_UNGUARDED_AVAILABILITY = YES_AGGRESSIVE;
				CLANG_WARN_UNREACHABLE_CODE = YES;
				CLANG_WARN__DUPLICATE_METHOD_MATCH = YES;
				CODE_SIGN_IDENTITY = "iPhone Developer";
				COPY_PHASE_STRIP = NO;
				DEBUG_INFORMATION_FORMAT = "dwarf-with-dsym";
				ENABLE_NS_ASSERTIONS = NO;
				ENABLE_STRICT_OBJC_MSGSEND = YES;
				GCC_C_LANGUAGE_STANDARD = gnu11;
				GCC_NO_COMMON_BLOCKS = YES;
				GCC_WARN_64_TO_32_BIT_CONVERSION = YES;
				GCC_WARN_ABOUT_RETURN_TYPE = YES_ERROR;
				GCC_WARN_UNDECLARED_SELECTOR = YES;
				GCC_WARN_UNINITIALIZED_AUTOS = YES_AGGRESSIVE;
				GCC_WARN_UNUSED_FUNCTION = YES;
				GCC_WARN_UNUSED_VARIABLE = YES;
				IPHONEOS_DEPLOYMENT_TARGET = 12.1;
				MTL_ENABLE_DEBUG_INFO = NO;
				MTL_FAST_MATH = YES;
				SDKROOT = iphoneos;
				SWIFT_COMPILATION_MODE = wholemodule;
				SWIFT_OPTIMIZATION_LEVEL = "-O";
				VALIDATE_PRODUCT = YES;
			};
			name = Release;
		};
		591B6F37223A6AD20021F1DF /* Debug */ = {
			isa = XCBuildConfiguration;
			baseConfigurationReference = 8F4A9701439EF9DEE96A2B46 /* Pods-NISwift.debug.xcconfig */;
			buildSettings = {
				ASSETCATALOG_COMPILER_APPICON_NAME = AppIcon;
				CLANG_ENABLE_MODULES = YES;
				CODE_SIGN_IDENTITY = "iPhone Developer";
				CODE_SIGN_STYLE = Automatic;
				DEVELOPMENT_TEAM = HV6ZVKXQBS;
				INFOPLIST_FILE = NISwift/Info.plist;
				IPHONEOS_DEPLOYMENT_TARGET = 9.0;
				LD_RUNPATH_SEARCH_PATHS = (
					"$(inherited)",
					"@executable_path/Frameworks",
				);
				PRODUCT_BUNDLE_IDENTIFIER = com.nixs.NISwift;
				PRODUCT_NAME = "$(TARGET_NAME)";
				PROVISIONING_PROFILE_SPECIFIER = "";
				SWIFT_OBJC_BRIDGING_HEADER = "";
				SWIFT_OPTIMIZATION_LEVEL = "-Onone";
				SWIFT_VERSION = 4.2;
				TARGETED_DEVICE_FAMILY = "1,2";
			};
			name = Debug;
		};
		591B6F38223A6AD20021F1DF /* Release */ = {
			isa = XCBuildConfiguration;
			baseConfigurationReference = 8228945D3EDA2825A4AE4697 /* Pods-NISwift.release.xcconfig */;
			buildSettings = {
				ASSETCATALOG_COMPILER_APPICON_NAME = AppIcon;
				CLANG_ENABLE_MODULES = YES;
				CODE_SIGN_IDENTITY = "iPhone Developer";
				CODE_SIGN_STYLE = Automatic;
				DEVELOPMENT_TEAM = HV6ZVKXQBS;
				INFOPLIST_FILE = NISwift/Info.plist;
				IPHONEOS_DEPLOYMENT_TARGET = 9.0;
				LD_RUNPATH_SEARCH_PATHS = (
					"$(inherited)",
					"@executable_path/Frameworks",
				);
				PRODUCT_BUNDLE_IDENTIFIER = com.nixs.NISwift;
				PRODUCT_NAME = "$(TARGET_NAME)";
				PROVISIONING_PROFILE_SPECIFIER = "";
				SWIFT_OBJC_BRIDGING_HEADER = "";
				SWIFT_VERSION = 4.2;
				TARGETED_DEVICE_FAMILY = "1,2";
			};
			name = Release;
		};
		591B6F3A223A6AD20021F1DF /* Debug */ = {
			isa = XCBuildConfiguration;
			buildSettings = {
				ALWAYS_EMBED_SWIFT_STANDARD_LIBRARIES = YES;
				BUNDLE_LOADER = "$(TEST_HOST)";
				CODE_SIGN_STYLE = Automatic;
				DEVELOPMENT_TEAM = HV6ZVKXQBS;
				INFOPLIST_FILE = NISwiftTests/Info.plist;
				LD_RUNPATH_SEARCH_PATHS = (
					"$(inherited)",
					"@executable_path/Frameworks",
					"@loader_path/Frameworks",
				);
				PRODUCT_BUNDLE_IDENTIFIER = com.nixs.NISwiftTests;
				PRODUCT_NAME = "$(TARGET_NAME)";
				SWIFT_VERSION = 4.2;
				TARGETED_DEVICE_FAMILY = "1,2";
				TEST_HOST = "$(BUILT_PRODUCTS_DIR)/NISwift.app/NISwift";
			};
			name = Debug;
		};
		591B6F3B223A6AD20021F1DF /* Release */ = {
			isa = XCBuildConfiguration;
			buildSettings = {
				ALWAYS_EMBED_SWIFT_STANDARD_LIBRARIES = YES;
				BUNDLE_LOADER = "$(TEST_HOST)";
				CODE_SIGN_STYLE = Automatic;
				DEVELOPMENT_TEAM = HV6ZVKXQBS;
				INFOPLIST_FILE = NISwiftTests/Info.plist;
				LD_RUNPATH_SEARCH_PATHS = (
					"$(inherited)",
					"@executable_path/Frameworks",
					"@loader_path/Frameworks",
				);
				PRODUCT_BUNDLE_IDENTIFIER = com.nixs.NISwiftTests;
				PRODUCT_NAME = "$(TARGET_NAME)";
				SWIFT_VERSION = 4.2;
				TARGETED_DEVICE_FAMILY = "1,2";
				TEST_HOST = "$(BUILT_PRODUCTS_DIR)/NISwift.app/NISwift";
			};
			name = Release;
		};
		591B6F3D223A6AD20021F1DF /* Debug */ = {
			isa = XCBuildConfiguration;
			buildSettings = {
				ALWAYS_EMBED_SWIFT_STANDARD_LIBRARIES = YES;
				CODE_SIGN_STYLE = Automatic;
				DEVELOPMENT_TEAM = HV6ZVKXQBS;
				INFOPLIST_FILE = NISwiftUITests/Info.plist;
				LD_RUNPATH_SEARCH_PATHS = (
					"$(inherited)",
					"@executable_path/Frameworks",
					"@loader_path/Frameworks",
				);
				PRODUCT_BUNDLE_IDENTIFIER = com.nixs.NISwiftUITests;
				PRODUCT_NAME = "$(TARGET_NAME)";
				SWIFT_VERSION = 4.2;
				TARGETED_DEVICE_FAMILY = "1,2";
				TEST_TARGET_NAME = NISwift;
			};
			name = Debug;
		};
		591B6F3E223A6AD20021F1DF /* Release */ = {
			isa = XCBuildConfiguration;
			buildSettings = {
				ALWAYS_EMBED_SWIFT_STANDARD_LIBRARIES = YES;
				CODE_SIGN_STYLE = Automatic;
				DEVELOPMENT_TEAM = HV6ZVKXQBS;
				INFOPLIST_FILE = NISwiftUITests/Info.plist;
				LD_RUNPATH_SEARCH_PATHS = (
					"$(inherited)",
					"@executable_path/Frameworks",
					"@loader_path/Frameworks",
				);
				PRODUCT_BUNDLE_IDENTIFIER = com.nixs.NISwiftUITests;
				PRODUCT_NAME = "$(TARGET_NAME)";
				SWIFT_VERSION = 4.2;
				TARGETED_DEVICE_FAMILY = "1,2";
				TEST_TARGET_NAME = NISwift;
			};
			name = Release;
		};
/* End XCBuildConfiguration section */

/* Begin XCConfigurationList section */
		591B6F09223A6ACF0021F1DF /* Build configuration list for PBXProject "NISwift" */ = {
			isa = XCConfigurationList;
			buildConfigurations = (
				591B6F34223A6AD20021F1DF /* Debug */,
				591B6F35223A6AD20021F1DF /* Release */,
			);
			defaultConfigurationIsVisible = 0;
			defaultConfigurationName = Release;
		};
		591B6F36223A6AD20021F1DF /* Build configuration list for PBXNativeTarget "NISwift" */ = {
			isa = XCConfigurationList;
			buildConfigurations = (
				591B6F37223A6AD20021F1DF /* Debug */,
				591B6F38223A6AD20021F1DF /* Release */,
			);
			defaultConfigurationIsVisible = 0;
			defaultConfigurationName = Release;
		};
		591B6F39223A6AD20021F1DF /* Build configuration list for PBXNativeTarget "NISwiftTests" */ = {
			isa = XCConfigurationList;
			buildConfigurations = (
				591B6F3A223A6AD20021F1DF /* Debug */,
				591B6F3B223A6AD20021F1DF /* Release */,
			);
			defaultConfigurationIsVisible = 0;
			defaultConfigurationName = Release;
		};
		591B6F3C223A6AD20021F1DF /* Build configuration list for PBXNativeTarget "NISwiftUITests" */ = {
			isa = XCConfigurationList;
			buildConfigurations = (
				591B6F3D223A6AD20021F1DF /* Debug */,
				591B6F3E223A6AD20021F1DF /* Release */,
			);
			defaultConfigurationIsVisible = 0;
			defaultConfigurationName = Release;
		};
/* End XCConfigurationList section */
	};
	rootObject = 591B6F06223A6ACF0021F1DF /* Project object */;
}
